
Microsoft Visual Studio Solution File, Format Version 12.00
# Visual Studio Version 16
VisualStudioVersion = 16.0.30804.86
MinimumVisualStudioVersion = 10.0.40219.1
Project("{9A19103F-16F7-4668-BE54-9A1E7A4F7556}") = "BackEnd", "BackEnd\BackEnd.csproj", "{F39880C4-659F-4676-8D00-D03A909CF4E0}"
EndProject
Project("{9A19103F-16F7-4668-BE54-9A1E7A4F7556}") = "FrontEnd", "FrontEnd\FrontEnd.csproj", "{FAFAB87A-6D90-41F0-8BDA-A5EEF6D30731}"
EndProject
Global
	GlobalSection(SolutionConfigurationPlatforms) = preSolution
		Debug|Any CPU = Debug|Any CPU
		Release|Any CPU = Release|Any CPU
	EndGlobalSection
	GlobalSection(ProjectConfigurationPlatforms) = postSolution
		{F39880C4-659F-4676-8D00-D03A909CF4E0}.Debug|Any CPU.ActiveCfg = Debug|Any CPU
		{F39880C4-659F-4676-8D00-D03A909CF4E0}.Debug|Any CPU.Build.0 = Debug|Any CPU
		{F39880C4-659F-4676-8D00-D03A909CF4E0}.Release|Any CPU.ActiveCfg = Release|Any CPU
		{F39880C4-659F-4676-8D00-D03A909CF4E0}.Release|Any CPU.Build.0 = Release|Any CPU
		{FAFAB87A-6D90-41F0-8BDA-A5EEF6D30731}.Debug|Any CPU.ActiveCfg = Debug|Any CPU
		{FAFAB87A-6D90-41F0-8BDA-A5EEF6D30731}.Debug|Any CPU.Build.0 = Debug|Any CPU
		{FAFAB87A-6D90-41F0-8BDA-A5EEF6D30731}.Release|Any CPU.ActiveCfg = Release|Any CPU
		{FAFAB87A-6D90-41F0-8BDA-A5EEF6D30731}.Release|Any CPU.Build.0 = Release|Any CPU
	EndGlobalSection
	GlobalSection(SolutionProperties) = preSolution
		HideSolutionNode = FALSE
	EndGlobalSection
	GlobalSection(ExtensibilityGlobals) = postSolution
		SolutionGuid = {9CF8CB00-F801-478D-912E-5168125FD4B3}
	EndGlobalSection
EndGlobal
